{
  "name": "kronoos-test",
  "version": "1.0.0",
  "lockfileVersion": 3,
  "requires": true,
  "packages": {
    "": {
      "name": "kronoos-test",
      "version": "1.0.0",
      "license": "MIT",
      "dependencies": {
        "check-cpf-cnpj": "^0.0.2",
        "cpf-check": "^3.0.0",
        "csv-parser": "^3.0.0"
      }
    },
    "node_modules/check-cpf-cnpj": {
      "version": "0.0.2",
      "resolved": "https://registry.npmjs.org/check-cpf-cnpj/-/check-cpf-cnpj-0.0.2.tgz",
      "integrity": "sha512-sA6G79oQBD/jMvJ15m47YdSsjcVex/rhcXRhsM9S1Uo58C8ReaDbwG27CwItQ3ZOAiJutf1p8jycluGwcYGWVA=="
    },
    "node_modules/cpf-check": {
      "version": "3.0.0",
      "resolved": "https://registry.npmjs.org/cpf-check/-/cpf-check-3.0.0.tgz",
      "integrity": "sha512-IwUJdDJ57kheRXiO7govTBOcKsLK/AdDrVKfk6rYCCNDcOBUiY9zmUY0fWI4/S/oIpbhHWMcOD0O2DLawuwiBw=="
    },
    "node_modules/csv-parser": {
      "version": "3.0.0",
      "license": "MIT",
      "dependencies": {
        "minimist": "^1.2.0"
      },
      "bin": {
        "csv-parser": "bin/csv-parser"
      },
      "engines": {
        "node": ">= 10"
      }
    },
    "node_modules/minimist": {
      "version": "1.2.8",
      "license": "MIT",
      "funding": {
        "url": "https://github.com/sponsors/ljharb"
      }
    }
  }
}
