# THIS IS AN AUTOGENERATED FILE. DO NOT EDIT THIS FILE DIRECTLY.
# yarn lockfile v1


"@hapi/address@^4.0.1":
  version "4.1.0"
  resolved "https://registry.yarnpkg.com/@hapi/address/-/address-4.1.0.tgz#d60c5c0d930e77456fdcde2598e77302e2955e1d"
  integrity sha512-SkszZf13HVgGmChdHo/PxchnSaCJ6cetVqLzyciudzZRT0jcOouIF/Q93mgjw8cce+D+4F4C1Z/WrfFN+O3VHQ==
  dependencies:
    "@hapi/hoek" "^9.0.0"

"@hapi/formula@^2.0.0":
  version "2.0.0"
  resolved "https://registry.yarnpkg.com/@hapi/formula/-/formula-2.0.0.tgz#edade0619ed58c8e4f164f233cda70211e787128"
  integrity sha512-V87P8fv7PI0LH7LiVi8Lkf3x+KCO7pQozXRssAHNXXL9L1K+uyu4XypLXwxqVDKgyQai6qj3/KteNlrqDx4W5A==

"@hapi/hoek@^9.0.0":
  version "9.3.0"
  resolved "https://registry.yarnpkg.com/@hapi/hoek/-/hoek-9.3.0.tgz#8368869dcb735be2e7f5cb7647de78e167a251fb"
  integrity sha512-/c6rf4UJlmHlC9b5BaNvzAcFv7HZ2QHaV0D4/HNlBdvFnvQq8RI4kYdhyPCl7Xj+oWvTWQ8ujhqS53LIgAe6KQ==

"@hapi/joi@^17.1.0":
  version "17.1.1"
  resolved "https://registry.yarnpkg.com/@hapi/joi/-/joi-17.1.1.tgz#9cc8d7e2c2213d1e46708c6260184b447c661350"
  integrity sha512-p4DKeZAoeZW4g3u7ZeRo+vCDuSDgSvtsB/NpfjXEHTUjSeINAi/RrVOWiVQ1isaoLzMvFEhe8n5065mQq1AdQg==
  dependencies:
    "@hapi/address" "^4.0.1"
    "@hapi/formula" "^2.0.0"
    "@hapi/hoek" "^9.0.0"
    "@hapi/pinpoint" "^2.0.0"
    "@hapi/topo" "^5.0.0"

"@hapi/pinpoint@^2.0.0":
  version "2.0.1"
  resolved "https://registry.yarnpkg.com/@hapi/pinpoint/-/pinpoint-2.0.1.tgz#32077e715655fc00ab8df74b6b416114287d6513"
  integrity sha512-EKQmr16tM8s16vTT3cA5L0kZZcTMU5DUOZTuvpnY738m+jyP3JIUj+Mm1xc1rsLkGBQ/gVnfKYPwOmPg1tUR4Q==

"@hapi/topo@^5.0.0":
  version "5.1.0"
  resolved "https://registry.yarnpkg.com/@hapi/topo/-/topo-5.1.0.tgz#dc448e332c6c6e37a4dc02fd84ba8d44b9afb012"
  integrity sha512-foQZKJig7Ob0BMAYBfcJk8d77QtOe7Wo4ox7ff1lQYoNNAb6jwcY1ncdoy2e9wQZzvNy7ODZCYJkK8kzmcAnAg==
  dependencies:
    "@hapi/hoek" "^9.0.0"

check-cpf-cnpj@^0.0.2:
  version "0.0.2"
  resolved "https://registry.yarnpkg.com/check-cpf-cnpj/-/check-cpf-cnpj-0.0.2.tgz#340a5ddb7fee3b06e566792f6885a9888c62a310"
  integrity sha512-sA6G79oQBD/jMvJ15m47YdSsjcVex/rhcXRhsM9S1Uo58C8ReaDbwG27CwItQ3ZOAiJutf1p8jycluGwcYGWVA==

cpf-check@^3.0.0:
  version "3.0.0"
  resolved "https://registry.yarnpkg.com/cpf-check/-/cpf-check-3.0.0.tgz#7279a1f6998a9385da1386bbe427fbf78144b9ec"
  integrity sha512-IwUJdDJ57kheRXiO7govTBOcKsLK/AdDrVKfk6rYCCNDcOBUiY9zmUY0fWI4/S/oIpbhHWMcOD0O2DLawuwiBw==

cpf-cnpj-validator@^1.0.3:
  version "1.0.3"
  resolved "https://registry.yarnpkg.com/cpf-cnpj-validator/-/cpf-cnpj-validator-1.0.3.tgz#8b8cfbf5110bf1d6333d18239380feecd0efe01d"
  integrity sha512-Slh7iv+sf2FhP9xFRMExuaDF7ndERVzmjBZHqwWG+GqHSqPmEggvLuKUUFJZxb+G804rjqRnnu5eCkbeChqM/Q==
  dependencies:
    "@hapi/joi" "^17.1.0"

csv-parser@^3.0.0:
  version "3.0.0"
  resolved "https://registry.yarnpkg.com/csv-parser/-/csv-parser-3.0.0.tgz#b88a6256d79e090a97a1b56451f9327b01d710e7"
  integrity sha512-s6OYSXAK3IdKqYO33y09jhypG/bSDHPuyCme/IdEHfWpLf/jKcpitVFyOC6UemgGk8v7Q5u2XE0vvwmanxhGlQ==
  dependencies:
    minimist "^1.2.0"

minimist@^1.2.0:
  version "1.2.8"
  resolved "https://registry.yarnpkg.com/minimist/-/minimist-1.2.8.tgz#c1a464e7693302e082a075cee0c057741ac4772c"
  integrity sha512-2yyAR8qBkN3YuheJanUpWC5U3bb5osDywNB8RzDVlDwDHbocAJveqqj1u8+SVD7jkWT4yvsHCpWqqWqAxb0zCA==
